
Microsoft Visual Studio Solution File, Format Version 12.00
# Visual Studio Version 17
VisualStudioVersion = 17.2.32602.215
MinimumVisualStudioVersion = 10.0.40219.1
Project("{FAE04EC0-301F-11D3-BF4B-00C04F79EFBC}") = "CityInfo.WebApi", "CityInfo.WebApi\CityInfo.WebApi.csproj", "{0459874F-255F-42DD-9090-93ECC0AE5D46}"
EndProject
Global
	GlobalSection(SolutionConfigurationPlatforms) = preSolution
		Debug|Any CPU = Debug|Any CPU
		Release|Any CPU = Release|Any CPU
	EndGlobalSection
	GlobalSection(ProjectConfigurationPlatforms) = postSolution
		{0459874F-255F-42DD-9090-93ECC0AE5D46}.Debug|Any CPU.ActiveCfg = Debug|Any CPU
		{0459874F-255F-42DD-9090-93ECC0AE5D46}.Debug|Any CPU.Build.0 = Debug|Any CPU
		{0459874F-255F-42DD-9090-93ECC0AE5D46}.Release|Any CPU.ActiveCfg = Release|Any CPU
		{0459874F-255F-42DD-9090-93ECC0AE5D46}.Release|Any CPU.Build.0 = Release|Any CPU
	EndGlobalSection
	GlobalSection(SolutionProperties) = preSolution
		HideSolutionNode = FALSE
	EndGlobalSection
	GlobalSection(ExtensibilityGlobals) = postSolution
		SolutionGuid = {FD8DC524-9CBF-485D-93B0-5826DE980334}
	EndGlobalSection
EndGlobal
